// !$*UTF8*$!
{
	archiveVersion = 1;
	classes = {
	};
	objectVersion = 46;
	objects = {

/* Begin PBXBuildFile section */
		3A32873019EEBA4E00E3278D /* Promoskop.sqlite in Resources */ = {isa = PBXBuildFile; fileRef = 3A93482819EDD3FD00AF2665 /* Promoskop.sqlite */; };
		3A32873319EEBEDD00E3278D /* BranchWithProductPriceTableViewCell.m in Sources */ = {isa = PBXBuildFile; fileRef = 3A32873219EEBEDD00E3278D /* BranchWithProductPriceTableViewCell.m */; };
		3A32873519EED2D700E3278D /* CoreLocation.framework in Frameworks */ = {isa = PBXBuildFile; fileRef = 3A32873419EED2D700E3278D /* CoreLocation.framework */; };
		3A5A7FCA19FAF4F7005F1059 /* ASMediaFocusController.m in Sources */ = {isa = PBXBuildFile; fileRef = 3A5A7FC219FAF4F7005F1059 /* ASMediaFocusController.m */; };
		3A5A7FCB19FAF4F7005F1059 /* ASImageScrollView.m in Sources */ = {isa = PBXBuildFile; fileRef = 3A5A7FC419FAF4F7005F1059 /* ASImageScrollView.m */; };
		3A5A7FCC19FAF4F7005F1059 /* ASMediaFocusController.xib in Resources */ = {isa = PBXBuildFile; fileRef = 3A5A7FC619FAF4F7005F1059 /* ASMediaFocusController.xib */; };
		3A5A7FCD19FAF4F7005F1059 /* ASMediaFocusManager.m in Sources */ = {isa = PBXBuildFile; fileRef = 3A5A7FC719FAF4F7005F1059 /* ASMediaFocusManager.m */; };
		3A5A7FCE19FAF4F7005F1059 /* ASTransparentView.m in Sources */ = {isa = PBXBuildFile; fileRef = 3A5A7FC919FAF4F7005F1059 /* ASTransparentView.m */; };
		3A5C387B1A06EB7600BB208E /* ShoppingCartManager.m in Sources */ = {isa = PBXBuildFile; fileRef = 3A5C387A1A06EB7600BB208E /* ShoppingCartManager.m */; };
		3A5C4FC819FAA8440049A805 /* SMCalloutView.m in Sources */ = {isa = PBXBuildFile; fileRef = 3A5C4FC719FAA8440049A805 /* SMCalloutView.m */; };
		3A5C4FCD19FADD470049A805 /* placeholder.png in Resources */ = {isa = PBXBuildFile; fileRef = 3A5C4FCB19FADD470049A805 /* placeholder.png */; };
		3A5C4FCE19FADD470049A805 /* placeholder@2x.png in Resources */ = {isa = PBXBuildFile; fileRef = 3A5C4FCC19FADD470049A805 /* placeholder@2x.png */; };
		3A5C4FDF19FAE3970049A805 /* Foundation.framework in Frameworks */ = {isa = PBXBuildFile; fileRef = 3A5C4FDE19FAE3970049A805 /* Foundation.framework */; };
		3A5C4FE119FAE3A90049A805 /* CoreGraphics.framework in Frameworks */ = {isa = PBXBuildFile; fileRef = 3A5C4FE019FAE3A90049A805 /* CoreGraphics.framework */; };
		3A5C4FE319FAE3C00049A805 /* UIKit.framework in Frameworks */ = {isa = PBXBuildFile; fileRef = 3A5C4FE219FAE3C00049A805 /* UIKit.framework */; };
		3A93481919EDC37600AF2665 /* FMDatabase.m in Sources */ = {isa = PBXBuildFile; fileRef = 3A93480F19EDC37600AF2665 /* FMDatabase.m */; };
		3A93481A19EDC37600AF2665 /* FMDatabaseAdditions.m in Sources */ = {isa = PBXBuildFile; fileRef = 3A93481119EDC37600AF2665 /* FMDatabaseAdditions.m */; };
		3A93481B19EDC37600AF2665 /* FMDatabasePool.m in Sources */ = {isa = PBXBuildFile; fileRef = 3A93481319EDC37600AF2665 /* FMDatabasePool.m */; };
		3A93481C19EDC37600AF2665 /* FMDatabaseQueue.m in Sources */ = {isa = PBXBuildFile; fileRef = 3A93481519EDC37600AF2665 /* FMDatabaseQueue.m */; };
		3A93481D19EDC37600AF2665 /* FMResultSet.m in Sources */ = {isa = PBXBuildFile; fileRef = 3A93481819EDC37600AF2665 /* FMResultSet.m */; };
		3A93482019EDC54700AF2665 /* libsqlite3.dylib in Frameworks */ = {isa = PBXBuildFile; fileRef = 3A93481F19EDC54700AF2665 /* libsqlite3.dylib */; };
		3A93482719EDCE6700AF2665 /* DataAccessLayer.m in Sources */ = {isa = PBXBuildFile; fileRef = 3A93482619EDCE6700AF2665 /* DataAccessLayer.m */; };
		3AC9401E19EDE4A1007DAB52 /* ProductWithPriceDetailViewController.m in Sources */ = {isa = PBXBuildFile; fileRef = 3AC9401D19EDE4A1007DAB52 /* ProductWithPriceDetailViewController.m */; };
		3ADCFD1819F0165500743349 /* INTULocationManager.m in Sources */ = {isa = PBXBuildFile; fileRef = 3ADCFD1419F0165500743349 /* INTULocationManager.m */; };
		3ADCFD1919F0165500743349 /* INTULocationRequest.m in Sources */ = {isa = PBXBuildFile; fileRef = 3ADCFD1619F0165500743349 /* INTULocationRequest.m */; };
		3ADCFD1C19F01C0700743349 /* MapKit.framework in Frameworks */ = {isa = PBXBuildFile; fileRef = 3ADCFD1B19F01C0700743349 /* MapKit.framework */; };
		3ADCFD1F19F01EF900743349 /* MapForBranchViewController.m in Sources */ = {isa = PBXBuildFile; fileRef = 3ADCFD1E19F01EF900743349 /* MapForBranchViewController.m */; };
		9B09543619F710840047079D /* Globals.m in Sources */ = {isa = PBXBuildFile; fileRef = 9B09543519F710840047079D /* Globals.m */; };
		9B0A0F651A06540600BD97A8 /* UIColor+AppColor.m in Sources */ = {isa = PBXBuildFile; fileRef = 9B0A0F641A06540600BD97A8 /* UIColor+AppColor.m */; };
		9B0A0F681A06573900BD97A8 /* LeftMenuViewController.m in Sources */ = {isa = PBXBuildFile; fileRef = 9B0A0F671A06573900BD97A8 /* LeftMenuViewController.m */; };
		9B0A0F6B1A0669D100BD97A8 /* BasicCell.m in Sources */ = {isa = PBXBuildFile; fileRef = 9B0A0F6A1A0669D100BD97A8 /* BasicCell.m */; };
		9B0A0F6E1A06704600BD97A8 /* UIImage+Utility.m in Sources */ = {isa = PBXBuildFile; fileRef = 9B0A0F6D1A06704600BD97A8 /* UIImage+Utility.m */; };
		9B14D1131A0FA625007C5101 /* CheapestShoppingListInGivenRadiusViewController.m in Sources */ = {isa = PBXBuildFile; fileRef = 9B14D1121A0FA625007C5101 /* CheapestShoppingListInGivenRadiusViewController.m */; };
		9B30E19D1A09905300B53EAF /* FeedbackViewController.m in Sources */ = {isa = PBXBuildFile; fileRef = 9B30E19C1A09905300B53EAF /* FeedbackViewController.m */; };
		9B33684619EEE3A30049029E /* SearchedProductsViewController.m in Sources */ = {isa = PBXBuildFile; fileRef = 9B33684519EEE3A30049029E /* SearchedProductsViewController.m */; };
		9B336B1619EF0DCD0049029E /* BarcodeScannerViewController.m in Sources */ = {isa = PBXBuildFile; fileRef = 9B336B1519EF0DCD0049029E /* BarcodeScannerViewController.m */; };
		9B33BF801A0EA699003BF64C /* PopularProductCollectionViewCell.m in Sources */ = {isa = PBXBuildFile; fileRef = 9B33BF7F1A0EA699003BF64C /* PopularProductCollectionViewCell.m */; };
		9B4830161A0C3B1700462976 /* UITextFieldWithPadding.m in Sources */ = {isa = PBXBuildFile; fileRef = 9B4830151A0C3B1700462976 /* UITextFieldWithPadding.m */; };
		9B4919991A067BF40039C67C /* ShoppingListViewController.m in Sources */ = {isa = PBXBuildFile; fileRef = 9B4919981A067BF40039C67C /* ShoppingListViewController.m */; };
		9B49199E1A06AED90039C67C /* CustomNavigationController.m in Sources */ = {isa = PBXBuildFile; fileRef = 9B49199D1A06AED90039C67C /* CustomNavigationController.m */; };
		9B53CCA61A0EC93D00208D2C /* PushSegueWithoutAnimation.m in Sources */ = {isa = PBXBuildFile; fileRef = 9B53CCA51A0EC93D00208D2C /* PushSegueWithoutAnimation.m */; };
		9B8EDBAE19FD8E7B0006A427 /* BranchDetailTableViewController.m in Sources */ = {isa = PBXBuildFile; fileRef = 9B8EDBAD19FD8E7B0006A427 /* BranchDetailTableViewController.m */; };
		9BAC14D119ED8BCE00D53D8C /* main.m in Sources */ = {isa = PBXBuildFile; fileRef = 9BAC14D019ED8BCE00D53D8C /* main.m */; };
		9BAC14D419ED8BCE00D53D8C /* AppDelegate.m in Sources */ = {isa = PBXBuildFile; fileRef = 9BAC14D319ED8BCE00D53D8C /* AppDelegate.m */; };
		9BAC14DA19ED8BCE00D53D8C /* HomeViewController.m in Sources */ = {isa = PBXBuildFile; fileRef = 9BAC14D919ED8BCE00D53D8C /* HomeViewController.m */; };
		9BAC14DD19ED8BCE00D53D8C /* Main.storyboard in Resources */ = {isa = PBXBuildFile; fileRef = 9BAC14DB19ED8BCE00D53D8C /* Main.storyboard */; };
		9BAC14DF19ED8BCE00D53D8C /* Images.xcassets in Resources */ = {isa = PBXBuildFile; fileRef = 9BAC14DE19ED8BCE00D53D8C /* Images.xcassets */; };
		9BAC14E219ED8BCE00D53D8C /* LaunchScreen.xib in Resources */ = {isa = PBXBuildFile; fileRef = 9BAC14E019ED8BCE00D53D8C /* LaunchScreen.xib */; };
		9BAC14EE19ED8BCE00D53D8C /* PromoskopTests.m in Sources */ = {isa = PBXBuildFile; fileRef = 9BAC14ED19ED8BCE00D53D8C /* PromoskopTests.m */; };
		AFDBFB34B51D0064CA70D0CD /* libPods.a in Frameworks */ = {isa = PBXBuildFile; fileRef = 3002E4F209790BB9FF80AEA6 /* libPods.a */; };
/* End PBXBuildFile section */

/* Begin PBXContainerItemProxy section */
		9BAC14E819ED8BCE00D53D8C /* PBXContainerItemProxy */ = {
			isa = PBXContainerItemProxy;
			containerPortal = 9BAC14C319ED8BCE00D53D8C /* Project object */;
			proxyType = 1;
			remoteGlobalIDString = 9BAC14CA19ED8BCE00D53D8C;
			remoteInfo = Promoskop;
		};
/* End PBXContainerItemProxy section */

/* Begin PBXFileReference section */
		1C0DE7C2BB9A55D79274CBC7 /* Pods.release.xcconfig */ = {isa = PBXFileReference; includeInIndex = 1; lastKnownFileType = text.xcconfig; name = Pods.release.xcconfig; path = "Pods/Target Support Files/Pods/Pods.release.xcconfig"; sourceTree = "<group>"; };
		3002E4F209790BB9FF80AEA6 /* libPods.a */ = {isa = PBXFileReference; explicitFileType = archive.ar; includeInIndex = 0; path = libPods.a; sourceTree = BUILT_PRODUCTS_DIR; };
		3A32873119EEBEDD00E3278D /* BranchWithProductPriceTableViewCell.h */ = {isa = PBXFileReference; fileEncoding = 4; lastKnownFileType = sourcecode.c.h; path = BranchWithProductPriceTableViewCell.h; sourceTree = "<group>"; };
		3A32873219EEBEDD00E3278D /* BranchWithProductPriceTableViewCell.m */ = {isa = PBXFileReference; fileEncoding = 4; lastKnownFileType = sourcecode.c.objc; path = BranchWithProductPriceTableViewCell.m; sourceTree = "<group>"; };
		3A32873419EED2D700E3278D /* CoreLocation.framework */ = {isa = PBXFileReference; lastKnownFileType = wrapper.framework; name = CoreLocation.framework; path = System/Library/Frameworks/CoreLocation.framework; sourceTree = SDKROOT; };
		3A5A7FC119FAF4F6005F1059 /* ASMediaFocusManager.h */ = {isa = PBXFileReference; fileEncoding = 4; lastKnownFileType = sourcecode.c.h; path = ASMediaFocusManager.h; sourceTree = "<group>"; };
		3A5A7FC219FAF4F7005F1059 /* ASMediaFocusController.m */ = {isa = PBXFileReference; fileEncoding = 4; lastKnownFileType = sourcecode.c.objc; path = ASMediaFocusController.m; sourceTree = "<group>"; };
		3A5A7FC319FAF4F7005F1059 /* ASImageScrollView.h */ = {isa = PBXFileReference; fileEncoding = 4; lastKnownFileType = sourcecode.c.h; path = ASImageScrollView.h; sourceTree = "<group>"; };
		3A5A7FC419FAF4F7005F1059 /* ASImageScrollView.m */ = {isa = PBXFileReference; fileEncoding = 4; lastKnownFileType = sourcecode.c.objc; path = ASImageScrollView.m; sourceTree = "<group>"; };
		3A5A7FC519FAF4F7005F1059 /* ASMediaFocusController.h */ = {isa = PBXFileReference; fileEncoding = 4; lastKnownFileType = sourcecode.c.h; path = ASMediaFocusController.h; sourceTree = "<group>"; };
		3A5A7FC619FAF4F7005F1059 /* ASMediaFocusController.xib */ = {isa = PBXFileReference; fileEncoding = 4; lastKnownFileType = file.xib; path = ASMediaFocusController.xib; sourceTree = "<group>"; };
		3A5A7FC719FAF4F7005F1059 /* ASMediaFocusManager.m */ = {isa = PBXFileReference; fileEncoding = 4; lastKnownFileType = sourcecode.c.objc; path = ASMediaFocusManager.m; sourceTree = "<group>"; };
		3A5A7FC819FAF4F7005F1059 /* ASTransparentView.h */ = {isa = PBXFileReference; fileEncoding = 4; lastKnownFileType = sourcecode.c.h; path = ASTransparentView.h; sourceTree = "<group>"; };
		3A5A7FC919FAF4F7005F1059 /* ASTransparentView.m */ = {isa = PBXFileReference; fileEncoding = 4; lastKnownFileType = sourcecode.c.objc; path = ASTransparentView.m; sourceTree = "<group>"; };
		3A5C38791A06EB7600BB208E /* ShoppingCartManager.h */ = {isa = PBXFileReference; fileEncoding = 4; lastKnownFileType = sourcecode.c.h; path = ShoppingCartManager.h; sourceTree = "<group>"; };
		3A5C387A1A06EB7600BB208E /* ShoppingCartManager.m */ = {isa = PBXFileReference; fileEncoding = 4; lastKnownFileType = sourcecode.c.objc; path = ShoppingCartManager.m; sourceTree = "<group>"; };
		3A5C4FC619FAA8440049A805 /* SMCalloutView.h */ = {isa = PBXFileReference; fileEncoding = 4; lastKnownFileType = sourcecode.c.h; path = SMCalloutView.h; sourceTree = "<group>"; };
		3A5C4FC719FAA8440049A805 /* SMCalloutView.m */ = {isa = PBXFileReference; fileEncoding = 4; lastKnownFileType = sourcecode.c.objc; path = SMCalloutView.m; sourceTree = "<group>"; };
		3A5C4FCB19FADD470049A805 /* placeholder.png */ = {isa = PBXFileReference; lastKnownFileType = image.png; path = placeholder.png; sourceTree = "<group>"; };
		3A5C4FCC19FADD470049A805 /* placeholder@2x.png */ = {isa = PBXFileReference; lastKnownFileType = image.png; path = "placeholder@2x.png"; sourceTree = "<group>"; };
		3A5C4FDE19FAE3970049A805 /* Foundation.framework */ = {isa = PBXFileReference; lastKnownFileType = wrapper.framework; name = Foundation.framework; path = System/Library/Frameworks/Foundation.framework; sourceTree = SDKROOT; };
		3A5C4FE019FAE3A90049A805 /* CoreGraphics.framework */ = {isa = PBXFileReference; lastKnownFileType = wrapper.framework; name = CoreGraphics.framework; path = System/Library/Frameworks/CoreGraphics.framework; sourceTree = SDKROOT; };
		3A5C4FE219FAE3C00049A805 /* UIKit.framework */ = {isa = PBXFileReference; lastKnownFileType = wrapper.framework; name = UIKit.framework; path = System/Library/Frameworks/UIKit.framework; sourceTree = SDKROOT; };
		3A93480E19EDC37600AF2665 /* FMDatabase.h */ = {isa = PBXFileReference; fileEncoding = 4; lastKnownFileType = sourcecode.c.h; path = FMDatabase.h; sourceTree = "<group>"; };
		3A93480F19EDC37600AF2665 /* FMDatabase.m */ = {isa = PBXFileReference; fileEncoding = 4; lastKnownFileType = sourcecode.c.objc; path = FMDatabase.m; sourceTree = "<group>"; };
		3A93481019EDC37600AF2665 /* FMDatabaseAdditions.h */ = {isa = PBXFileReference; fileEncoding = 4; lastKnownFileType = sourcecode.c.h; path = FMDatabaseAdditions.h; sourceTree = "<group>"; };
		3A93481119EDC37600AF2665 /* FMDatabaseAdditions.m */ = {isa = PBXFileReference; fileEncoding = 4; lastKnownFileType = sourcecode.c.objc; path = FMDatabaseAdditions.m; sourceTree = "<group>"; };
		3A93481219EDC37600AF2665 /* FMDatabasePool.h */ = {isa = PBXFileReference; fileEncoding = 4; lastKnownFileType = sourcecode.c.h; path = FMDatabasePool.h; sourceTree = "<group>"; };
		3A93481319EDC37600AF2665 /* FMDatabasePool.m */ = {isa = PBXFileReference; fileEncoding = 4; lastKnownFileType = sourcecode.c.objc; path = FMDatabasePool.m; sourceTree = "<group>"; };
		3A93481419EDC37600AF2665 /* FMDatabaseQueue.h */ = {isa = PBXFileReference; fileEncoding = 4; lastKnownFileType = sourcecode.c.h; path = FMDatabaseQueue.h; sourceTree = "<group>"; };
		3A93481519EDC37600AF2665 /* FMDatabaseQueue.m */ = {isa = PBXFileReference; fileEncoding = 4; lastKnownFileType = sourcecode.c.objc; path = FMDatabaseQueue.m; sourceTree = "<group>"; };
		3A93481619EDC37600AF2665 /* FMDB.h */ = {isa = PBXFileReference; fileEncoding = 4; lastKnownFileType = sourcecode.c.h; path = FMDB.h; sourceTree = "<group>"; };
		3A93481719EDC37600AF2665 /* FMResultSet.h */ = {isa = PBXFileReference; fileEncoding = 4; lastKnownFileType = sourcecode.c.h; path = FMResultSet.h; sourceTree = "<group>"; };
		3A93481819EDC37600AF2665 /* FMResultSet.m */ = {isa = PBXFileReference; fileEncoding = 4; lastKnownFileType = sourcecode.c.objc; path = FMResultSet.m; sourceTree = "<group>"; };
		3A93481F19EDC54700AF2665 /* libsqlite3.dylib */ = {isa = PBXFileReference; lastKnownFileType = "compiled.mach-o.dylib"; name = libsqlite3.dylib; path = usr/lib/libsqlite3.dylib; sourceTree = SDKROOT; };
		3A93482519EDCE6700AF2665 /* DataAccessLayer.h */ = {isa = PBXFileReference; fileEncoding = 4; lastKnownFileType = sourcecode.c.h; path = DataAccessLayer.h; sourceTree = "<group>"; };
		3A93482619EDCE6700AF2665 /* DataAccessLayer.m */ = {isa = PBXFileReference; fileEncoding = 4; lastKnownFileType = sourcecode.c.objc; path = DataAccessLayer.m; sourceTree = "<group>"; };
		3A93482819EDD3FD00AF2665 /* Promoskop.sqlite */ = {isa = PBXFileReference; lastKnownFileType = file; path = Promoskop.sqlite; sourceTree = "<group>"; };
		3AC9401C19EDE4A1007DAB52 /* ProductWithPriceDetailViewController.h */ = {isa = PBXFileReference; fileEncoding = 4; lastKnownFileType = sourcecode.c.h; path = ProductWithPriceDetailViewController.h; sourceTree = "<group>"; };
		3AC9401D19EDE4A1007DAB52 /* ProductWithPriceDetailViewController.m */ = {isa = PBXFileReference; fileEncoding = 4; lastKnownFileType = sourcecode.c.objc; path = ProductWithPriceDetailViewController.m; sourceTree = "<group>"; };
		3ADCFD1319F0165500743349 /* INTULocationManager.h */ = {isa = PBXFileReference; fileEncoding = 4; lastKnownFileType = sourcecode.c.h; path = INTULocationManager.h; sourceTree = "<group>"; };
		3ADCFD1419F0165500743349 /* INTULocationManager.m */ = {isa = PBXFileReference; fileEncoding = 4; lastKnownFileType = sourcecode.c.objc; path = INTULocationManager.m; sourceTree = "<group>"; };
		3ADCFD1519F0165500743349 /* INTULocationRequest.h */ = {isa = PBXFileReference; fileEncoding = 4; lastKnownFileType = sourcecode.c.h; path = INTULocationRequest.h; sourceTree = "<group>"; };
		3ADCFD1619F0165500743349 /* INTULocationRequest.m */ = {isa = PBXFileReference; fileEncoding = 4; lastKnownFileType = sourcecode.c.objc; path = INTULocationRequest.m; sourceTree = "<group>"; };
		3ADCFD1719F0165500743349 /* INTULocationRequestDefines.h */ = {isa = PBXFileReference; fileEncoding = 4; lastKnownFileType = sourcecode.c.h; path = INTULocationRequestDefines.h; sourceTree = "<group>"; };
		3ADCFD1B19F01C0700743349 /* MapKit.framework */ = {isa = PBXFileReference; lastKnownFileType = wrapper.framework; name = MapKit.framework; path = System/Library/Frameworks/MapKit.framework; sourceTree = SDKROOT; };
		3ADCFD1D19F01EF900743349 /* MapForBranchViewController.h */ = {isa = PBXFileReference; fileEncoding = 4; lastKnownFileType = sourcecode.c.h; path = MapForBranchViewController.h; sourceTree = "<group>"; };
		3ADCFD1E19F01EF900743349 /* MapForBranchViewController.m */ = {isa = PBXFileReference; fileEncoding = 4; lastKnownFileType = sourcecode.c.objc; path = MapForBranchViewController.m; sourceTree = "<group>"; };
		91F85C72BD69284DF4F1B7AD /* Pods.debug.xcconfig */ = {isa = PBXFileReference; includeInIndex = 1; lastKnownFileType = text.xcconfig; name = Pods.debug.xcconfig; path = "Pods/Target Support Files/Pods/Pods.debug.xcconfig"; sourceTree = "<group>"; };
		9B09543419F710840047079D /* Globals.h */ = {isa = PBXFileReference; fileEncoding = 4; lastKnownFileType = sourcecode.c.h; path = Globals.h; sourceTree = "<group>"; };
		9B09543519F710840047079D /* Globals.m */ = {isa = PBXFileReference; fileEncoding = 4; lastKnownFileType = sourcecode.c.objc; path = Globals.m; sourceTree = "<group>"; };
		9B0A0F631A06540600BD97A8 /* UIColor+AppColor.h */ = {isa = PBXFileReference; fileEncoding = 4; lastKnownFileType = sourcecode.c.h; path = "UIColor+AppColor.h"; sourceTree = "<group>"; };
		9B0A0F641A06540600BD97A8 /* UIColor+AppColor.m */ = {isa = PBXFileReference; fileEncoding = 4; lastKnownFileType = sourcecode.c.objc; path = "UIColor+AppColor.m"; sourceTree = "<group>"; };
		9B0A0F661A06573900BD97A8 /* LeftMenuViewController.h */ = {isa = PBXFileReference; fileEncoding = 4; lastKnownFileType = sourcecode.c.h; path = LeftMenuViewController.h; sourceTree = "<group>"; };
		9B0A0F671A06573900BD97A8 /* LeftMenuViewController.m */ = {isa = PBXFileReference; fileEncoding = 4; lastKnownFileType = sourcecode.c.objc; path = LeftMenuViewController.m; sourceTree = "<group>"; };
		9B0A0F691A0669D100BD97A8 /* BasicCell.h */ = {isa = PBXFileReference; fileEncoding = 4; lastKnownFileType = sourcecode.c.h; path = BasicCell.h; sourceTree = "<group>"; };
		9B0A0F6A1A0669D100BD97A8 /* BasicCell.m */ = {isa = PBXFileReference; fileEncoding = 4; lastKnownFileType = sourcecode.c.objc; path = BasicCell.m; sourceTree = "<group>"; };
		9B0A0F6C1A06704600BD97A8 /* UIImage+Utility.h */ = {isa = PBXFileReference; fileEncoding = 4; lastKnownFileType = sourcecode.c.h; path = "UIImage+Utility.h"; sourceTree = "<group>"; };
		9B0A0F6D1A06704600BD97A8 /* UIImage+Utility.m */ = {isa = PBXFileReference; fileEncoding = 4; lastKnownFileType = sourcecode.c.objc; path = "UIImage+Utility.m"; sourceTree = "<group>"; };
		9B14D1111A0FA625007C5101 /* CheapestShoppingListInGivenRadiusViewController.h */ = {isa = PBXFileReference; fileEncoding = 4; lastKnownFileType = sourcecode.c.h; path = CheapestShoppingListInGivenRadiusViewController.h; sourceTree = "<group>"; };
		9B14D1121A0FA625007C5101 /* CheapestShoppingListInGivenRadiusViewController.m */ = {isa = PBXFileReference; fileEncoding = 4; lastKnownFileType = sourcecode.c.objc; path = CheapestShoppingListInGivenRadiusViewController.m; sourceTree = "<group>"; };
		9B30E19B1A09905300B53EAF /* FeedbackViewController.h */ = {isa = PBXFileReference; fileEncoding = 4; lastKnownFileType = sourcecode.c.h; path = FeedbackViewController.h; sourceTree = "<group>"; };
		9B30E19C1A09905300B53EAF /* FeedbackViewController.m */ = {isa = PBXFileReference; fileEncoding = 4; lastKnownFileType = sourcecode.c.objc; path = FeedbackViewController.m; sourceTree = "<group>"; };
		9B33684419EEE3A30049029E /* SearchedProductsViewController.h */ = {isa = PBXFileReference; fileEncoding = 4; lastKnownFileType = sourcecode.c.h; path = SearchedProductsViewController.h; sourceTree = "<group>"; };
		9B33684519EEE3A30049029E /* SearchedProductsViewController.m */ = {isa = PBXFileReference; fileEncoding = 4; lastKnownFileType = sourcecode.c.objc; path = SearchedProductsViewController.m; sourceTree = "<group>"; };
		9B336B1419EF0DCD0049029E /* BarcodeScannerViewController.h */ = {isa = PBXFileReference; fileEncoding = 4; lastKnownFileType = sourcecode.c.h; path = BarcodeScannerViewController.h; sourceTree = "<group>"; };
		9B336B1519EF0DCD0049029E /* BarcodeScannerViewController.m */ = {isa = PBXFileReference; fileEncoding = 4; lastKnownFileType = sourcecode.c.objc; path = BarcodeScannerViewController.m; sourceTree = "<group>"; };
		9B33BF7E1A0EA699003BF64C /* PopularProductCollectionViewCell.h */ = {isa = PBXFileReference; fileEncoding = 4; lastKnownFileType = sourcecode.c.h; path = PopularProductCollectionViewCell.h; sourceTree = "<group>"; };
		9B33BF7F1A0EA699003BF64C /* PopularProductCollectionViewCell.m */ = {isa = PBXFileReference; fileEncoding = 4; lastKnownFileType = sourcecode.c.objc; path = PopularProductCollectionViewCell.m; sourceTree = "<group>"; };
		9B4830141A0C3B1700462976 /* UITextFieldWithPadding.h */ = {isa = PBXFileReference; fileEncoding = 4; lastKnownFileType = sourcecode.c.h; path = UITextFieldWithPadding.h; sourceTree = "<group>"; };
		9B4830151A0C3B1700462976 /* UITextFieldWithPadding.m */ = {isa = PBXFileReference; fileEncoding = 4; lastKnownFileType = sourcecode.c.objc; path = UITextFieldWithPadding.m; sourceTree = "<group>"; };
		9B4919971A067BF40039C67C /* ShoppingListViewController.h */ = {isa = PBXFileReference; fileEncoding = 4; lastKnownFileType = sourcecode.c.h; path = ShoppingListViewController.h; sourceTree = "<group>"; };
		9B4919981A067BF40039C67C /* ShoppingListViewController.m */ = {isa = PBXFileReference; fileEncoding = 4; lastKnownFileType = sourcecode.c.objc; path = ShoppingListViewController.m; sourceTree = "<group>"; };
		9B49199C1A06AED90039C67C /* CustomNavigationController.h */ = {isa = PBXFileReference; fileEncoding = 4; lastKnownFileType = sourcecode.c.h; path = CustomNavigationController.h; sourceTree = "<group>"; };
		9B49199D1A06AED90039C67C /* CustomNavigationController.m */ = {isa = PBXFileReference; fileEncoding = 4; lastKnownFileType = sourcecode.c.objc; path = CustomNavigationController.m; sourceTree = "<group>"; };
		9B53CCA41A0EC93D00208D2C /* PushSegueWithoutAnimation.h */ = {isa = PBXFileReference; fileEncoding = 4; lastKnownFileType = sourcecode.c.h; path = PushSegueWithoutAnimation.h; sourceTree = "<group>"; };
		9B53CCA51A0EC93D00208D2C /* PushSegueWithoutAnimation.m */ = {isa = PBXFileReference; fileEncoding = 4; lastKnownFileType = sourcecode.c.objc; path = PushSegueWithoutAnimation.m; sourceTree = "<group>"; };
		9B8EDBAC19FD8E7B0006A427 /* BranchDetailTableViewController.h */ = {isa = PBXFileReference; fileEncoding = 4; lastKnownFileType = sourcecode.c.h; path = BranchDetailTableViewController.h; sourceTree = "<group>"; };
		9B8EDBAD19FD8E7B0006A427 /* BranchDetailTableViewController.m */ = {isa = PBXFileReference; fileEncoding = 4; lastKnownFileType = sourcecode.c.objc; path = BranchDetailTableViewController.m; sourceTree = "<group>"; };
		9BAC14CB19ED8BCE00D53D8C /* Promoskop.app */ = {isa = PBXFileReference; explicitFileType = wrapper.application; includeInIndex = 0; path = Promoskop.app; sourceTree = BUILT_PRODUCTS_DIR; };
		9BAC14CF19ED8BCE00D53D8C /* Info.plist */ = {isa = PBXFileReference; lastKnownFileType = text.plist.xml; path = Info.plist; sourceTree = "<group>"; };
		9BAC14D019ED8BCE00D53D8C /* main.m */ = {isa = PBXFileReference; lastKnownFileType = sourcecode.c.objc; path = main.m; sourceTree = "<group>"; };
		9BAC14D219ED8BCE00D53D8C /* AppDelegate.h */ = {isa = PBXFileReference; lastKnownFileType = sourcecode.c.h; path = AppDelegate.h; sourceTree = "<group>"; };
		9BAC14D319ED8BCE00D53D8C /* AppDelegate.m */ = {isa = PBXFileReference; lastKnownFileType = sourcecode.c.objc; path = AppDelegate.m; sourceTree = "<group>"; };
		9BAC14D819ED8BCE00D53D8C /* HomeViewController.h */ = {isa = PBXFileReference; lastKnownFileType = sourcecode.c.h; path = HomeViewController.h; sourceTree = "<group>"; };
		9BAC14D919ED8BCE00D53D8C /* HomeViewController.m */ = {isa = PBXFileReference; lastKnownFileType = sourcecode.c.objc; path = HomeViewController.m; sourceTree = "<group>"; };
		9BAC14DC19ED8BCE00D53D8C /* Base */ = {isa = PBXFileReference; lastKnownFileType = file.storyboard; name = Base; path = Base.lproj/Main.storyboard; sourceTree = "<group>"; };
		9BAC14DE19ED8BCE00D53D8C /* Images.xcassets */ = {isa = PBXFileReference; lastKnownFileType = folder.assetcatalog; path = Images.xcassets; sourceTree = "<group>"; };
		9BAC14E119ED8BCE00D53D8C /* Base */ = {isa = PBXFileReference; lastKnownFileType = file.xib; name = Base; path = Base.lproj/LaunchScreen.xib; sourceTree = "<group>"; };
		9BAC14E719ED8BCE00D53D8C /* PromoskopTests.xctest */ = {isa = PBXFileReference; explicitFileType = wrapper.cfbundle; includeInIndex = 0; path = PromoskopTests.xctest; sourceTree = BUILT_PRODUCTS_DIR; };
		9BAC14EC19ED8BCE00D53D8C /* Info.plist */ = {isa = PBXFileReference; lastKnownFileType = text.plist.xml; path = Info.plist; sourceTree = "<group>"; };
		9BAC14ED19ED8BCE00D53D8C /* PromoskopTests.m */ = {isa = PBXFileReference; lastKnownFileType = sourcecode.c.objc; path = PromoskopTests.m; sourceTree = "<group>"; };
/* End PBXFileReference section */

/* Begin PBXFrameworksBuildPhase section */
		9BAC14C819ED8BCE00D53D8C /* Frameworks */ = {
			isa = PBXFrameworksBuildPhase;
			buildActionMask = 2147483647;
			files = (
				3A5C4FE319FAE3C00049A805 /* UIKit.framework in Frameworks */,
				3A5C4FE119FAE3A90049A805 /* CoreGraphics.framework in Frameworks */,
				3A5C4FDF19FAE3970049A805 /* Foundation.framework in Frameworks */,
				3A32873519EED2D700E3278D /* CoreLocation.framework in Frameworks */,
				3A93482019EDC54700AF2665 /* libsqlite3.dylib in Frameworks */,
				3ADCFD1C19F01C0700743349 /* MapKit.framework in Frameworks */,
				AFDBFB34B51D0064CA70D0CD /* libPods.a in Frameworks */,
			);
			runOnlyForDeploymentPostprocessing = 0;
		};
		9BAC14E419ED8BCE00D53D8C /* Frameworks */ = {
			isa = PBXFrameworksBuildPhase;
			buildActionMask = 2147483647;
			files = (
			);
			runOnlyForDeploymentPostprocessing = 0;
		};
/* End PBXFrameworksBuildPhase section */

/* Begin PBXGroup section */
		3A5C4FC919FAA8520049A805 /* SMCalloutView */ = {
			isa = PBXGroup;
			children = (
				3A5C4FC619FAA8440049A805 /* SMCalloutView.h */,
				3A5C4FC719FAA8440049A805 /* SMCalloutView.m */,
			);
			name = SMCalloutView;
			sourceTree = "<group>";
		};
		3A5C4FDD19FAE27E0049A805 /* ASMediaFocusManager */ = {
			isa = PBXGroup;
			children = (
				3A5A7FC119FAF4F6005F1059 /* ASMediaFocusManager.h */,
				3A5A7FC219FAF4F7005F1059 /* ASMediaFocusController.m */,
				3A5A7FC319FAF4F7005F1059 /* ASImageScrollView.h */,
				3A5A7FC419FAF4F7005F1059 /* ASImageScrollView.m */,
				3A5A7FC519FAF4F7005F1059 /* ASMediaFocusController.h */,
				3A5A7FC619FAF4F7005F1059 /* ASMediaFocusController.xib */,
				3A5A7FC719FAF4F7005F1059 /* ASMediaFocusManager.m */,
				3A5A7FC819FAF4F7005F1059 /* ASTransparentView.h */,
				3A5A7FC919FAF4F7005F1059 /* ASTransparentView.m */,
			);
			name = ASMediaFocusManager;
			sourceTree = "<group>";
		};
		3A93481E19EDC37C00AF2665 /* FMDB */ = {
			isa = PBXGroup;
			children = (
				3A93480E19EDC37600AF2665 /* FMDatabase.h */,
				3A93480F19EDC37600AF2665 /* FMDatabase.m */,
				3A93481019EDC37600AF2665 /* FMDatabaseAdditions.h */,
				3A93481119EDC37600AF2665 /* FMDatabaseAdditions.m */,
				3A93481219EDC37600AF2665 /* FMDatabasePool.h */,
				3A93481319EDC37600AF2665 /* FMDatabasePool.m */,
				3A93481419EDC37600AF2665 /* FMDatabaseQueue.h */,
				3A93481519EDC37600AF2665 /* FMDatabaseQueue.m */,
				3A93481619EDC37600AF2665 /* FMDB.h */,
				3A93481719EDC37600AF2665 /* FMResultSet.h */,
				3A93481819EDC37600AF2665 /* FMResultSet.m */,
			);
			name = FMDB;
			sourceTree = "<group>";
		};
		3ADCFD1A19F0165C00743349 /* INTULocationManager */ = {
			isa = PBXGroup;
			children = (
				3ADCFD1319F0165500743349 /* INTULocationManager.h */,
				3ADCFD1419F0165500743349 /* INTULocationManager.m */,
				3ADCFD1519F0165500743349 /* INTULocationRequest.h */,
				3ADCFD1619F0165500743349 /* INTULocationRequest.m */,
				3ADCFD1719F0165500743349 /* INTULocationRequestDefines.h */,
			);
			name = INTULocationManager;
			sourceTree = "<group>";
		};
		93E8C97A62D50B1E726C93CA /* Frameworks */ = {
			isa = PBXGroup;
			children = (
				3A5C4FE219FAE3C00049A805 /* UIKit.framework */,
				3A5C4FE019FAE3A90049A805 /* CoreGraphics.framework */,
				3A5C4FDE19FAE3970049A805 /* Foundation.framework */,
				3A93481F19EDC54700AF2665 /* libsqlite3.dylib */,
				3A32873419EED2D700E3278D /* CoreLocation.framework */,
				3ADCFD1B19F01C0700743349 /* MapKit.framework */,
				3002E4F209790BB9FF80AEA6 /* libPods.a */,
			);
			name = Frameworks;
			sourceTree = "<group>";
		};
		9B0A0F621A0653E000BD97A8 /* Category */ = {
			isa = PBXGroup;
			children = (
				9B0A0F631A06540600BD97A8 /* UIColor+AppColor.h */,
				9B0A0F641A06540600BD97A8 /* UIColor+AppColor.m */,
				9B0A0F6C1A06704600BD97A8 /* UIImage+Utility.h */,
				9B0A0F6D1A06704600BD97A8 /* UIImage+Utility.m */,
			);
			name = Category;
			sourceTree = "<group>";
		};
		9B33684719EEF54C0049029E /* View Controllers */ = {
			isa = PBXGroup;
			children = (
				3AC9401C19EDE4A1007DAB52 /* ProductWithPriceDetailViewController.h */,
				3AC9401D19EDE4A1007DAB52 /* ProductWithPriceDetailViewController.m */,
				9BAC14D819ED8BCE00D53D8C /* HomeViewController.h */,
				9BAC14D919ED8BCE00D53D8C /* HomeViewController.m */,
				9B33684419EEE3A30049029E /* SearchedProductsViewController.h */,
				9B33684519EEE3A30049029E /* SearchedProductsViewController.m */,
				9B336B1419EF0DCD0049029E /* BarcodeScannerViewController.h */,
				9B336B1519EF0DCD0049029E /* BarcodeScannerViewController.m */,
				3ADCFD1D19F01EF900743349 /* MapForBranchViewController.h */,
				3ADCFD1E19F01EF900743349 /* MapForBranchViewController.m */,
				9B8EDBAC19FD8E7B0006A427 /* BranchDetailTableViewController.h */,
				9B8EDBAD19FD8E7B0006A427 /* BranchDetailTableViewController.m */,
				9B0A0F661A06573900BD97A8 /* LeftMenuViewController.h */,
				9B0A0F671A06573900BD97A8 /* LeftMenuViewController.m */,
				9B4919971A067BF40039C67C /* ShoppingListViewController.h */,
				9B4919981A067BF40039C67C /* ShoppingListViewController.m */,
				9B49199C1A06AED90039C67C /* CustomNavigationController.h */,
				9B49199D1A06AED90039C67C /* CustomNavigationController.m */,
				9B30E19B1A09905300B53EAF /* FeedbackViewController.h */,
				9B30E19C1A09905300B53EAF /* FeedbackViewController.m */,
				9B14D1111A0FA625007C5101 /* CheapestShoppingListInGivenRadiusViewController.h */,
				9B14D1121A0FA625007C5101 /* CheapestShoppingListInGivenRadiusViewController.m */,
			);
			name = "View Controllers";
			sourceTree = "<group>";
		};
		9B33684819EEF55E0049029E /* 3rd Party Libraries */ = {
			isa = PBXGroup;
			children = (
				3A5C4FDD19FAE27E0049A805 /* ASMediaFocusManager */,
				3A5C4FC919FAA8520049A805 /* SMCalloutView */,
				3ADCFD1A19F0165C00743349 /* INTULocationManager */,
				3A93481E19EDC37C00AF2665 /* FMDB */,
			);
			name = "3rd Party Libraries";
			sourceTree = "<group>";
		};
		9B33684A19EEF57A0049029E /* Custom Views */ = {
			isa = PBXGroup;
			children = (
				9B4830141A0C3B1700462976 /* UITextFieldWithPadding.h */,
				9B4830151A0C3B1700462976 /* UITextFieldWithPadding.m */,
			);
			name = "Custom Views";
			sourceTree = "<group>";
		};
		9B33684B19EEF5830049029E /* Custom Cells */ = {
			isa = PBXGroup;
			children = (
				3A32873119EEBEDD00E3278D /* BranchWithProductPriceTableViewCell.h */,
				3A32873219EEBEDD00E3278D /* BranchWithProductPriceTableViewCell.m */,
				9B0A0F691A0669D100BD97A8 /* BasicCell.h */,
				9B0A0F6A1A0669D100BD97A8 /* BasicCell.m */,
				9B33BF7E1A0EA699003BF64C /* PopularProductCollectionViewCell.h */,
				9B33BF7F1A0EA699003BF64C /* PopularProductCollectionViewCell.m */,
			);
			name = "Custom Cells";
			sourceTree = "<group>";
		};
		9B33684C19EEF58B0049029E /* Utility class */ = {
			isa = PBXGroup;
			children = (
				3A93482519EDCE6700AF2665 /* DataAccessLayer.h */,
				3A93482619EDCE6700AF2665 /* DataAccessLayer.m */,
				9B09543419F710840047079D /* Globals.h */,
				9B09543519F710840047079D /* Globals.m */,
				3A5C38791A06EB7600BB208E /* ShoppingCartManager.h */,
				3A5C387A1A06EB7600BB208E /* ShoppingCartManager.m */,
			);
			name = "Utility class";
			sourceTree = "<group>";
		};
		9B53CCA31A0EC92300208D2C /* Custom Segue */ = {
			isa = PBXGroup;
			children = (
				9B53CCA41A0EC93D00208D2C /* PushSegueWithoutAnimation.h */,
				9B53CCA51A0EC93D00208D2C /* PushSegueWithoutAnimation.m */,
			);
			name = "Custom Segue";
			sourceTree = "<group>";
		};
		9BAC14C219ED8BCE00D53D8C = {
			isa = PBXGroup;
			children = (
				9BAC14CD19ED8BCE00D53D8C /* Promoskop */,
				9BAC14EA19ED8BCE00D53D8C /* PromoskopTests */,
				9BAC14CC19ED8BCE00D53D8C /* Products */,
				F50E9B2A897EDA9C76C4DE78 /* Pods */,
				93E8C97A62D50B1E726C93CA /* Frameworks */,
			);
			sourceTree = "<group>";
		};
		9BAC14CC19ED8BCE00D53D8C /* Products */ = {
			isa = PBXGroup;
			children = (
				9BAC14CB19ED8BCE00D53D8C /* Promoskop.app */,
				9BAC14E719ED8BCE00D53D8C /* PromoskopTests.xctest */,
			);
			name = Products;
			sourceTree = "<group>";
		};
		9BAC14CD19ED8BCE00D53D8C /* Promoskop */ = {
			isa = PBXGroup;
			children = (
				9B53CCA31A0EC92300208D2C /* Custom Segue */,
				9B0A0F621A0653E000BD97A8 /* Category */,
				9B33684C19EEF58B0049029E /* Utility class */,
				9B33684B19EEF5830049029E /* Custom Cells */,
				9B33684A19EEF57A0049029E /* Custom Views */,
				9B33684819EEF55E0049029E /* 3rd Party Libraries */,
				9B33684719EEF54C0049029E /* View Controllers */,
				9BAC14D219ED8BCE00D53D8C /* AppDelegate.h */,
				9BAC14D319ED8BCE00D53D8C /* AppDelegate.m */,
				9BAC14DB19ED8BCE00D53D8C /* Main.storyboard */,
				9BAC14CE19ED8BCE00D53D8C /* Supporting Files */,
			);
			path = Promoskop;
			sourceTree = "<group>";
		};
		9BAC14CE19ED8BCE00D53D8C /* Supporting Files */ = {
			isa = PBXGroup;
			children = (
				3A5C4FCB19FADD470049A805 /* placeholder.png */,
				3A5C4FCC19FADD470049A805 /* placeholder@2x.png */,
				3A93482819EDD3FD00AF2665 /* Promoskop.sqlite */,
				9BAC14E019ED8BCE00D53D8C /* LaunchScreen.xib */,
				9BAC14DE19ED8BCE00D53D8C /* Images.xcassets */,
				9BAC14CF19ED8BCE00D53D8C /* Info.plist */,
				9BAC14D019ED8BCE00D53D8C /* main.m */,
			);
			name = "Supporting Files";
			sourceTree = "<group>";
		};
		9BAC14EA19ED8BCE00D53D8C /* PromoskopTests */ = {
			isa = PBXGroup;
			children = (
				9BAC14ED19ED8BCE00D53D8C /* PromoskopTests.m */,
				9BAC14EB19ED8BCE00D53D8C /* Supporting Files */,
			);
			path = PromoskopTests;
			sourceTree = "<group>";
		};
		9BAC14EB19ED8BCE00D53D8C /* Supporting Files */ = {
			isa = PBXGroup;
			children = (
				9BAC14EC19ED8BCE00D53D8C /* Info.plist */,
			);
			name = "Supporting Files";
			sourceTree = "<group>";
		};
		F50E9B2A897EDA9C76C4DE78 /* Pods */ = {
			isa = PBXGroup;
			children = (
				91F85C72BD69284DF4F1B7AD /* Pods.debug.xcconfig */,
				1C0DE7C2BB9A55D79274CBC7 /* Pods.release.xcconfig */,
			);
			name = Pods;
			sourceTree = "<group>";
		};
/* End PBXGroup section */

/* Begin PBXNativeTarget section */
		9BAC14CA19ED8BCE00D53D8C /* Promoskop */ = {
			isa = PBXNativeTarget;
			buildConfigurationList = 9BAC14F119ED8BCE00D53D8C /* Build configuration list for PBXNativeTarget "Promoskop" */;
			buildPhases = (
				9154F684295427A635FE8C68 /* Check Pods Manifest.lock */,
				9BAC14C719ED8BCE00D53D8C /* Sources */,
				9BAC14C819ED8BCE00D53D8C /* Frameworks */,
				9BAC14C919ED8BCE00D53D8C /* Resources */,
				EB00B60157B6437F4D6FBA48 /* Copy Pods Resources */,
			);
			buildRules = (
			);
			dependencies = (
			);
			name = Promoskop;
			productName = Promoskop;
			productReference = 9BAC14CB19ED8BCE00D53D8C /* Promoskop.app */;
			productType = "com.apple.product-type.application";
		};
		9BAC14E619ED8BCE00D53D8C /* PromoskopTests */ = {
			isa = PBXNativeTarget;
			buildConfigurationList = 9BAC14F419ED8BCE00D53D8C /* Build configuration list for PBXNativeTarget "PromoskopTests" */;
			buildPhases = (
				9BAC14E319ED8BCE00D53D8C /* Sources */,
				9BAC14E419ED8BCE00D53D8C /* Frameworks */,
				9BAC14E519ED8BCE00D53D8C /* Resources */,
			);
			buildRules = (
			);
			dependencies = (
				9BAC14E919ED8BCE00D53D8C /* PBXTargetDependency */,
			);
			name = PromoskopTests;
			productName = PromoskopTests;
			productReference = 9BAC14E719ED8BCE00D53D8C /* PromoskopTests.xctest */;
			productType = "com.apple.product-type.bundle.unit-test";
		};
/* End PBXNativeTarget section */

/* Begin PBXProject section */
		9BAC14C319ED8BCE00D53D8C /* Project object */ = {
			isa = PBXProject;
			attributes = {
				LastUpgradeCheck = 0600;
				ORGANIZATIONNAME = "Mustafa Besnili";
				TargetAttributes = {
					9BAC14CA19ED8BCE00D53D8C = {
						CreatedOnToolsVersion = 6.0;
						SystemCapabilities = {
							com.apple.Maps.iOS = {
								enabled = 1;
							};
						};
					};
					9BAC14E619ED8BCE00D53D8C = {
						CreatedOnToolsVersion = 6.0;
						TestTargetID = 9BAC14CA19ED8BCE00D53D8C;
					};
				};
			};
			buildConfigurationList = 9BAC14C619ED8BCE00D53D8C /* Build configuration list for PBXProject "Promoskop" */;
			compatibilityVersion = "Xcode 3.2";
			developmentRegion = English;
			hasScannedForEncodings = 0;
			knownRegions = (
				en,
				Base,
			);
			mainGroup = 9BAC14C219ED8BCE00D53D8C;
			productRefGroup = 9BAC14CC19ED8BCE00D53D8C /* Products */;
			projectDirPath = "";
			projectRoot = "";
			targets = (
				9BAC14CA19ED8BCE00D53D8C /* Promoskop */,
				9BAC14E619ED8BCE00D53D8C /* PromoskopTests */,
			);
		};
/* End PBXProject section */

/* Begin PBXResourcesBuildPhase section */
		9BAC14C919ED8BCE00D53D8C /* Resources */ = {
			isa = PBXResourcesBuildPhase;
			buildActionMask = 2147483647;
			files = (
				3A32873019EEBA4E00E3278D /* Promoskop.sqlite in Resources */,
				9BAC14DD19ED8BCE00D53D8C /* Main.storyboard in Resources */,
				3A5C4FCE19FADD470049A805 /* placeholder@2x.png in Resources */,
				9BAC14E219ED8BCE00D53D8C /* LaunchScreen.xib in Resources */,
				3A5A7FCC19FAF4F7005F1059 /* ASMediaFocusController.xib in Resources */,
				3A5C4FCD19FADD470049A805 /* placeholder.png in Resources */,
				9BAC14DF19ED8BCE00D53D8C /* Images.xcassets in Resources */,
			);
			runOnlyForDeploymentPostprocessing = 0;
		};
		9BAC14E519ED8BCE00D53D8C /* Resources */ = {
			isa = PBXResourcesBuildPhase;
			buildActionMask = 2147483647;
			files = (
			);
			runOnlyForDeploymentPostprocessing = 0;
		};
/* End PBXResourcesBuildPhase section */

/* Begin PBXShellScriptBuildPhase section */
		9154F684295427A635FE8C68 /* Check Pods Manifest.lock */ = {
			isa = PBXShellScriptBuildPhase;
			buildActionMask = 2147483647;
			files = (
			);
			inputPaths = (
			);
			name = "Check Pods Manifest.lock";
			outputPaths = (
			);
			runOnlyForDeploymentPostprocessing = 0;
			shellPath = /bin/sh;
			shellScript = "diff \"${PODS_ROOT}/../Podfile.lock\" \"${PODS_ROOT}/Manifest.lock\" > /dev/null\nif [[ $? != 0 ]] ; then\n    cat << EOM\nerror: The sandbox is not in sync with the Podfile.lock. Run 'pod install' or update your CocoaPods installation.\nEOM\n    exit 1\nfi\n";
			showEnvVarsInLog = 0;
		};
		EB00B60157B6437F4D6FBA48 /* Copy Pods Resources */ = {
			isa = PBXShellScriptBuildPhase;
			buildActionMask = 12;
			files = (
			);
			inputPaths = (
			);
			name = "Copy Pods Resources";
			outputPaths = (
			);
			runOnlyForDeploymentPostprocessing = 0;
			shellPath = /bin/sh;
			shellScript = "\"${SRCROOT}/Pods/Target Support Files/Pods/Pods-resources.sh\"\n";
			showEnvVarsInLog = 0;
		};
/* End PBXShellScriptBuildPhase section */

/* Begin PBXSourcesBuildPhase section */
		9BAC14C719ED8BCE00D53D8C /* Sources */ = {
			isa = PBXSourcesBuildPhase;
			buildActionMask = 2147483647;
			files = (
				3A5A7FCA19FAF4F7005F1059 /* ASMediaFocusController.m in Sources */,
				9BAC14D419ED8BCE00D53D8C /* AppDelegate.m in Sources */,
				3A93481B19EDC37600AF2665 /* FMDatabasePool.m in Sources */,
				9BAC14DA19ED8BCE00D53D8C /* HomeViewController.m in Sources */,
				9B33BF801A0EA699003BF64C /* PopularProductCollectionViewCell.m in Sources */,
				3ADCFD1F19F01EF900743349 /* MapForBranchViewController.m in Sources */,
				9B14D1131A0FA625007C5101 /* CheapestShoppingListInGivenRadiusViewController.m in Sources */,
				9B49199E1A06AED90039C67C /* CustomNavigationController.m in Sources */,
				3A5A7FCD19FAF4F7005F1059 /* ASMediaFocusManager.m in Sources */,
				3ADCFD1919F0165500743349 /* INTULocationRequest.m in Sources */,
				9B8EDBAE19FD8E7B0006A427 /* BranchDetailTableViewController.m in Sources */,
				3A5A7FCE19FAF4F7005F1059 /* ASTransparentView.m in Sources */,
				9B09543619F710840047079D /* Globals.m in Sources */,
				3A5C387B1A06EB7600BB208E /* ShoppingCartManager.m in Sources */,
				3A93481C19EDC37600AF2665 /* FMDatabaseQueue.m in Sources */,
				9B4830161A0C3B1700462976 /* UITextFieldWithPadding.m in Sources */,
				3A5C4FC819FAA8440049A805 /* SMCalloutView.m in Sources */,
				3A93482719EDCE6700AF2665 /* DataAccessLayer.m in Sources */,
				9B0A0F681A06573900BD97A8 /* LeftMenuViewController.m in Sources */,
				9B4919991A067BF40039C67C /* ShoppingListViewController.m in Sources */,
				9B0A0F651A06540600BD97A8 /* UIColor+AppColor.m in Sources */,
				9B33684619EEE3A30049029E /* SearchedProductsViewController.m in Sources */,
				9B0A0F6E1A06704600BD97A8 /* UIImage+Utility.m in Sources */,
				3A5A7FCB19FAF4F7005F1059 /* ASImageScrollView.m in Sources */,
				9B53CCA61A0EC93D00208D2C /* PushSegueWithoutAnimation.m in Sources */,
				3ADCFD1819F0165500743349 /* INTULocationManager.m in Sources */,
				9BAC14D119ED8BCE00D53D8C /* main.m in Sources */,
				3A93481919EDC37600AF2665 /* FMDatabase.m in Sources */,
				9B30E19D1A09905300B53EAF /* FeedbackViewController.m in Sources */,
				9B336B1619EF0DCD0049029E /* BarcodeScannerViewController.m in Sources */,
				3AC9401E19EDE4A1007DAB52 /* ProductWithPriceDetailViewController.m in Sources */,
				3A32873319EEBEDD00E3278D /* BranchWithProductPriceTableViewCell.m in Sources */,
				3A93481D19EDC37600AF2665 /* FMResultSet.m in Sources */,
				9B0A0F6B1A0669D100BD97A8 /* BasicCell.m in Sources */,
				3A93481A19EDC37600AF2665 /* FMDatabaseAdditions.m in Sources */,
			);
			runOnlyForDeploymentPostprocessing = 0;
		};
		9BAC14E319ED8BCE00D53D8C /* Sources */ = {
			isa = PBXSourcesBuildPhase;
			buildActionMask = 2147483647;
			files = (
				9BAC14EE19ED8BCE00D53D8C /* PromoskopTests.m in Sources */,
			);
			runOnlyForDeploymentPostprocessing = 0;
		};
/* End PBXSourcesBuildPhase section */

/* Begin PBXTargetDependency section */
		9BAC14E919ED8BCE00D53D8C /* PBXTargetDependency */ = {
			isa = PBXTargetDependency;
			target = 9BAC14CA19ED8BCE00D53D8C /* Promoskop */;
			targetProxy = 9BAC14E819ED8BCE00D53D8C /* PBXContainerItemProxy */;
		};
/* End PBXTargetDependency section */

/* Begin PBXVariantGroup section */
		9BAC14DB19ED8BCE00D53D8C /* Main.storyboard */ = {
			isa = PBXVariantGroup;
			children = (
				9BAC14DC19ED8BCE00D53D8C /* Base */,
			);
			name = Main.storyboard;
			sourceTree = "<group>";
		};
		9BAC14E019ED8BCE00D53D8C /* LaunchScreen.xib */ = {
			isa = PBXVariantGroup;
			children = (
				9BAC14E119ED8BCE00D53D8C /* Base */,
			);
			name = LaunchScreen.xib;
			sourceTree = "<group>";
		};
/* End PBXVariantGroup section */

/* Begin XCBuildConfiguration section */
		9BAC14EF19ED8BCE00D53D8C /* Debug */ = {
			isa = XCBuildConfiguration;
			buildSettings = {
				ALWAYS_SEARCH_USER_PATHS = NO;
				CLANG_CXX_LANGUAGE_STANDARD = "gnu++0x";
				CLANG_CXX_LIBRARY = "libc++";
				CLANG_ENABLE_MODULES = YES;
				CLANG_ENABLE_OBJC_ARC = YES;
				CLANG_WARN_BOOL_CONVERSION = YES;
				CLANG_WARN_CONSTANT_CONVERSION = YES;
				CLANG_WARN_DIRECT_OBJC_ISA_USAGE = YES_ERROR;
				CLANG_WARN_EMPTY_BODY = YES;
				CLANG_WARN_ENUM_CONVERSION = YES;
				CLANG_WARN_INT_CONVERSION = YES;
				CLANG_WARN_OBJC_ROOT_CLASS = YES_ERROR;
				CLANG_WARN_UNREACHABLE_CODE = YES;
				CLANG_WARN__DUPLICATE_METHOD_MATCH = YES;
				"CODE_SIGN_IDENTITY[sdk=iphoneos*]" = "iPhone Developer";
				COPY_PHASE_STRIP = NO;
				ENABLE_STRICT_OBJC_MSGSEND = YES;
				GCC_C_LANGUAGE_STANDARD = gnu99;
				GCC_DYNAMIC_NO_PIC = NO;
				GCC_OPTIMIZATION_LEVEL = 0;
				GCC_PREPROCESSOR_DEFINITIONS = (
					"DEBUG=1",
					"$(inherited)",
				);
				GCC_SYMBOLS_PRIVATE_EXTERN = NO;
				GCC_WARN_64_TO_32_BIT_CONVERSION = YES;
				GCC_WARN_ABOUT_RETURN_TYPE = YES_ERROR;
				GCC_WARN_UNDECLARED_SELECTOR = YES;
				GCC_WARN_UNINITIALIZED_AUTOS = YES_AGGRESSIVE;
				GCC_WARN_UNUSED_FUNCTION = YES;
				GCC_WARN_UNUSED_VARIABLE = YES;
				IPHONEOS_DEPLOYMENT_TARGET = 8.0;
				MTL_ENABLE_DEBUG_INFO = YES;
				ONLY_ACTIVE_ARCH = YES;
				SDKROOT = iphoneos;
			};
			name = Debug;
		};
		9BAC14F019ED8BCE00D53D8C /* Release */ = {
			isa = XCBuildConfiguration;
			buildSettings = {
				ALWAYS_SEARCH_USER_PATHS = NO;
				CLANG_CXX_LANGUAGE_STANDARD = "gnu++0x";
				CLANG_CXX_LIBRARY = "libc++";
				CLANG_ENABLE_MODULES = YES;
				CLANG_ENABLE_OBJC_ARC = YES;
				CLANG_WARN_BOOL_CONVERSION = YES;
				CLANG_WARN_CONSTANT_CONVERSION = YES;
				CLANG_WARN_DIRECT_OBJC_ISA_USAGE = YES_ERROR;
				CLANG_WARN_EMPTY_BODY = YES;
				CLANG_WARN_ENUM_CONVERSION = YES;
				CLANG_WARN_INT_CONVERSION = YES;
				CLANG_WARN_OBJC_ROOT_CLASS = YES_ERROR;
				CLANG_WARN_UNREACHABLE_CODE = YES;
				CLANG_WARN__DUPLICATE_METHOD_MATCH = YES;
				"CODE_SIGN_IDENTITY[sdk=iphoneos*]" = "iPhone Developer";
				COPY_PHASE_STRIP = YES;
				ENABLE_NS_ASSERTIONS = NO;
				ENABLE_STRICT_OBJC_MSGSEND = YES;
				GCC_C_LANGUAGE_STANDARD = gnu99;
				GCC_WARN_64_TO_32_BIT_CONVERSION = YES;
				GCC_WARN_ABOUT_RETURN_TYPE = YES_ERROR;
				GCC_WARN_UNDECLARED_SELECTOR = YES;
				GCC_WARN_UNINITIALIZED_AUTOS = YES_AGGRESSIVE;
				GCC_WARN_UNUSED_FUNCTION = YES;
				GCC_WARN_UNUSED_VARIABLE = YES;
				IPHONEOS_DEPLOYMENT_TARGET = 8.0;
				MTL_ENABLE_DEBUG_INFO = NO;
				SDKROOT = iphoneos;
				VALIDATE_PRODUCT = YES;
			};
			name = Release;
		};
		9BAC14F219ED8BCE00D53D8C /* Debug */ = {
			isa = XCBuildConfiguration;
			baseConfigurationReference = 91F85C72BD69284DF4F1B7AD /* Pods.debug.xcconfig */;
			buildSettings = {
				ASSETCATALOG_COMPILER_APPICON_NAME = AppIcon;
				INFOPLIST_FILE = Promoskop/Info.plist;
				IPHONEOS_DEPLOYMENT_TARGET = 7.0;
				LD_RUNPATH_SEARCH_PATHS = "$(inherited) @executable_path/Frameworks";
				LIBRARY_SEARCH_PATHS = "$(inherited)";
				PRODUCT_NAME = "$(TARGET_NAME)";
			};
			name = Debug;
		};
		9BAC14F319ED8BCE00D53D8C /* Release */ = {
			isa = XCBuildConfiguration;
			baseConfigurationReference = 1C0DE7C2BB9A55D79274CBC7 /* Pods.release.xcconfig */;
			buildSettings = {
				ASSETCATALOG_COMPILER_APPICON_NAME = AppIcon;
				INFOPLIST_FILE = Promoskop/Info.plist;
				IPHONEOS_DEPLOYMENT_TARGET = 7.0;
				LD_RUNPATH_SEARCH_PATHS = "$(inherited) @executable_path/Frameworks";
				LIBRARY_SEARCH_PATHS = "$(inherited)";
				PRODUCT_NAME = "$(TARGET_NAME)";
			};
			name = Release;
		};
		9BAC14F519ED8BCE00D53D8C /* Debug */ = {
			isa = XCBuildConfiguration;
			buildSettings = {
				BUNDLE_LOADER = "$(TEST_HOST)";
				FRAMEWORK_SEARCH_PATHS = (
					"$(SDKROOT)/Developer/Library/Frameworks",
					"$(inherited)",
				);
				GCC_PREPROCESSOR_DEFINITIONS = (
					"DEBUG=1",
					"$(inherited)",
				);
				INFOPLIST_FILE = PromoskopTests/Info.plist;
				LD_RUNPATH_SEARCH_PATHS = "$(inherited) @executable_path/Frameworks @loader_path/Frameworks";
				PRODUCT_NAME = "$(TARGET_NAME)";
				TEST_HOST = "$(BUILT_PRODUCTS_DIR)/Promoskop.app/Promoskop";
			};
			name = Debug;
		};
		9BAC14F619ED8BCE00D53D8C /* Release */ = {
			isa = XCBuildConfiguration;
			buildSettings = {
				BUNDLE_LOADER = "$(TEST_HOST)";
				FRAMEWORK_SEARCH_PATHS = (
					"$(SDKROOT)/Developer/Library/Frameworks",
					"$(inherited)",
				);
				INFOPLIST_FILE = PromoskopTests/Info.plist;
				LD_RUNPATH_SEARCH_PATHS = "$(inherited) @executable_path/Frameworks @loader_path/Frameworks";
				PRODUCT_NAME = "$(TARGET_NAME)";
				TEST_HOST = "$(BUILT_PRODUCTS_DIR)/Promoskop.app/Promoskop";
			};
			name = Release;
		};
/* End XCBuildConfiguration section */

/* Begin XCConfigurationList section */
		9BAC14C619ED8BCE00D53D8C /* Build configuration list for PBXProject "Promoskop" */ = {
			isa = XCConfigurationList;
			buildConfigurations = (
				9BAC14EF19ED8BCE00D53D8C /* Debug */,
				9BAC14F019ED8BCE00D53D8C /* Release */,
			);
			defaultConfigurationIsVisible = 0;
			defaultConfigurationName = Release;
		};
		9BAC14F119ED8BCE00D53D8C /* Build configuration list for PBXNativeTarget "Promoskop" */ = {
			isa = XCConfigurationList;
			buildConfigurations = (
				9BAC14F219ED8BCE00D53D8C /* Debug */,
				9BAC14F319ED8BCE00D53D8C /* Release */,
			);
			defaultConfigurationIsVisible = 0;
			defaultConfigurationName = Release;
		};
		9BAC14F419ED8BCE00D53D8C /* Build configuration list for PBXNativeTarget "PromoskopTests" */ = {
			isa = XCConfigurationList;
			buildConfigurations = (
				9BAC14F519ED8BCE00D53D8C /* Debug */,
				9BAC14F619ED8BCE00D53D8C /* Release */,
			);
			defaultConfigurationIsVisible = 0;
			defaultConfigurationName = Release;
		};
/* End XCConfigurationList section */
	};
	rootObject = 9BAC14C319ED8BCE00D53D8C /* Project object */;
}
